
Microsoft Visual Studio Solution File, Format Version 12.00
# Visual Studio Version 16
VisualStudioVersion = 16.0.31112.23
MinimumVisualStudioVersion = 10.0.40219.1
Project("{9A19103F-16F7-4668-BE54-9A1E7A4F7556}") = "Core", "Core\Core.csproj", "{00ECFD10-FF5C-439C-AAE3-53B9D5E252D7}"
EndProject
Project("{FAE04EC0-301F-11D3-BF4B-00C04F79EFBC}") = "Business", "Business\Business.csproj", "{E0B10409-DFA9-4D85-A8FF-7189CAA7DD63}"
EndProject
Project("{FAE04EC0-301F-11D3-BF4B-00C04F79EFBC}") = "Entities", "Entities\Entities.csproj", "{0A3FDB91-A2BE-45F1-971B-62EEE01DF524}"
EndProject
Project("{FAE04EC0-301F-11D3-BF4B-00C04F79EFBC}") = "DataAccess", "DataAccess\DataAccess.csproj", "{3FA8F2AF-CB27-4609-87FD-FDA0B0982A7B}"
EndProject
Project("{FAE04EC0-301F-11D3-BF4B-00C04F79EFBC}") = "UI", "UI\UI.csproj", "{E36DBEF8-B3ED-432B-9CB5-89CEEF4520D0}"
EndProject
Global
	GlobalSection(SolutionConfigurationPlatforms) = preSolution
		Debug|Any CPU = Debug|Any CPU
		Release|Any CPU = Release|Any CPU
	EndGlobalSection
	GlobalSection(ProjectConfigurationPlatforms) = postSolution
		{00ECFD10-FF5C-439C-AAE3-53B9D5E252D7}.Debug|Any CPU.ActiveCfg = Debug|Any CPU
		{00ECFD10-FF5C-439C-AAE3-53B9D5E252D7}.Debug|Any CPU.Build.0 = Debug|Any CPU
		{00ECFD10-FF5C-439C-AAE3-53B9D5E252D7}.Release|Any CPU.ActiveCfg = Release|Any CPU
		{00ECFD10-FF5C-439C-AAE3-53B9D5E252D7}.Release|Any CPU.Build.0 = Release|Any CPU
		{E0B10409-DFA9-4D85-A8FF-7189CAA7DD63}.Debug|Any CPU.ActiveCfg = Debug|Any CPU
		{E0B10409-DFA9-4D85-A8FF-7189CAA7DD63}.Debug|Any CPU.Build.0 = Debug|Any CPU
		{E0B10409-DFA9-4D85-A8FF-7189CAA7DD63}.Release|Any CPU.ActiveCfg = Release|Any CPU
		{E0B10409-DFA9-4D85-A8FF-7189CAA7DD63}.Release|Any CPU.Build.0 = Release|Any CPU
		{0A3FDB91-A2BE-45F1-971B-62EEE01DF524}.Debug|Any CPU.ActiveCfg = Debug|Any CPU
		{0A3FDB91-A2BE-45F1-971B-62EEE01DF524}.Debug|Any CPU.Build.0 = Debug|Any CPU
		{0A3FDB91-A2BE-45F1-971B-62EEE01DF524}.Release|Any CPU.ActiveCfg = Release|Any CPU
		{0A3FDB91-A2BE-45F1-971B-62EEE01DF524}.Release|Any CPU.Build.0 = Release|Any CPU
		{3FA8F2AF-CB27-4609-87FD-FDA0B0982A7B}.Debug|Any CPU.ActiveCfg = Debug|Any CPU
		{3FA8F2AF-CB27-4609-87FD-FDA0B0982A7B}.Debug|Any CPU.Build.0 = Debug|Any CPU
		{3FA8F2AF-CB27-4609-87FD-FDA0B0982A7B}.Release|Any CPU.ActiveCfg = Release|Any CPU
		{3FA8F2AF-CB27-4609-87FD-FDA0B0982A7B}.Release|Any CPU.Build.0 = Release|Any CPU
		{E36DBEF8-B3ED-432B-9CB5-89CEEF4520D0}.Debug|Any CPU.ActiveCfg = Debug|Any CPU
		{E36DBEF8-B3ED-432B-9CB5-89CEEF4520D0}.Debug|Any CPU.Build.0 = Debug|Any CPU
		{E36DBEF8-B3ED-432B-9CB5-89CEEF4520D0}.Release|Any CPU.ActiveCfg = Release|Any CPU
		{E36DBEF8-B3ED-432B-9CB5-89CEEF4520D0}.Release|Any CPU.Build.0 = Release|Any CPU
	EndGlobalSection
	GlobalSection(SolutionProperties) = preSolution
		HideSolutionNode = FALSE
	EndGlobalSection
	GlobalSection(ExtensibilityGlobals) = postSolution
		SolutionGuid = {EC31803B-762E-4F7B-84A8-7E13C6E1382E}
	EndGlobalSection
EndGlobal
